{
  "name": "ag-grid-poc",
  "version": "1.0.0",
  "lockfileVersion": 1,
  "requires": true,
  "dependencies": {
    "ag-grid": {
      "version": "18.1.2",
      "resolved": "https://registry.npmjs.org/ag-grid/-/ag-grid-18.1.2.tgz",
      "integrity": "sha512-HtJt8iFcRKCBj5UHBDmwSLLr72F3XDACeBNarH4nJWFHIqcnu7u0Ifrd2nftPmfEBj6YjFHawDqcZL2yo3YfmQ=="
    },
    "ag-grid-community": {
      "version": "21.1.0",
      "resolved": "https://registry.npmjs.org/ag-grid-community/-/ag-grid-community-21.1.0.tgz",
      "integrity": "sha512-giWg653lxihzRulz4tiiSAewaZVeSvA3GN+uIY5LEHfJ8Eb2FWbI2IZ1n+KMhnuvMy7936dOflTYm8m0sxXplA=="
    }
  }
}
